
Microsoft Visual Studio Solution File, Format Version 12.00
# Visual Studio Version 16
VisualStudioVersion = 16.0.31005.135
MinimumVisualStudioVersion = 10.0.40219.1
Project("{8BC9CEB8-8B4A-11D0-8D11-00A0C91BC942}") = "Temperature", "Temperature\Temperature.vcxproj", "{83FA666A-8BF6-42CD-9047-F307F721EFBF}"
EndProject
Project("{8BC9CEB8-8B4A-11D0-8D11-00A0C91BC942}") = "Types", "Types\Types.vcxproj", "{1CFCE485-BBEB-4B55-A5A0-42002406A504}"
EndProject
Project("{8BC9CEB8-8B4A-11D0-8D11-00A0C91BC942}") = "FloatingPoint", "FloatingPoint\FloatingPoint.vcxproj", "{18EB544C-072D-44D1-8EFA-41A0B8CECF02}"
EndProject
Global
	GlobalSection(SolutionConfigurationPlatforms) = preSolution
		Debug|x64 = Debug|x64
		Debug|x86 = Debug|x86
		Release|x64 = Release|x64
		Release|x86 = Release|x86
	EndGlobalSection
	GlobalSection(ProjectConfigurationPlatforms) = postSolution
		{83FA666A-8BF6-42CD-9047-F307F721EFBF}.Debug|x64.ActiveCfg = Debug|x64
		{83FA666A-8BF6-42CD-9047-F307F721EFBF}.Debug|x64.Build.0 = Debug|x64
		{83FA666A-8BF6-42CD-9047-F307F721EFBF}.Debug|x86.ActiveCfg = Debug|Win32
		{83FA666A-8BF6-42CD-9047-F307F721EFBF}.Debug|x86.Build.0 = Debug|Win32
		{83FA666A-8BF6-42CD-9047-F307F721EFBF}.Release|x64.ActiveCfg = Release|x64
		{83FA666A-8BF6-42CD-9047-F307F721EFBF}.Release|x64.Build.0 = Release|x64
		{83FA666A-8BF6-42CD-9047-F307F721EFBF}.Release|x86.ActiveCfg = Release|Win32
		{83FA666A-8BF6-42CD-9047-F307F721EFBF}.Release|x86.Build.0 = Release|Win32
		{1CFCE485-BBEB-4B55-A5A0-42002406A504}.Debug|x64.ActiveCfg = Debug|x64
		{1CFCE485-BBEB-4B55-A5A0-42002406A504}.Debug|x64.Build.0 = Debug|x64
		{1CFCE485-BBEB-4B55-A5A0-42002406A504}.Debug|x86.ActiveCfg = Debug|Win32
		{1CFCE485-BBEB-4B55-A5A0-42002406A504}.Debug|x86.Build.0 = Debug|Win32
		{1CFCE485-BBEB-4B55-A5A0-42002406A504}.Release|x64.ActiveCfg = Release|x64
		{1CFCE485-BBEB-4B55-A5A0-42002406A504}.Release|x64.Build.0 = Release|x64
		{1CFCE485-BBEB-4B55-A5A0-42002406A504}.Release|x86.ActiveCfg = Release|Win32
		{1CFCE485-BBEB-4B55-A5A0-42002406A504}.Release|x86.Build.0 = Release|Win32
		{18EB544C-072D-44D1-8EFA-41A0B8CECF02}.Debug|x64.ActiveCfg = Debug|x64
		{18EB544C-072D-44D1-8EFA-41A0B8CECF02}.Debug|x64.Build.0 = Debug|x64
		{18EB544C-072D-44D1-8EFA-41A0B8CECF02}.Debug|x86.ActiveCfg = Debug|Win32
		{18EB544C-072D-44D1-8EFA-41A0B8CECF02}.Debug|x86.Build.0 = Debug|Win32
		{18EB544C-072D-44D1-8EFA-41A0B8CECF02}.Release|x64.ActiveCfg = Release|x64
		{18EB544C-072D-44D1-8EFA-41A0B8CECF02}.Release|x64.Build.0 = Release|x64
		{18EB544C-072D-44D1-8EFA-41A0B8CECF02}.Release|x86.ActiveCfg = Release|Win32
		{18EB544C-072D-44D1-8EFA-41A0B8CECF02}.Release|x86.Build.0 = Release|Win32
	EndGlobalSection
	GlobalSection(SolutionProperties) = preSolution
		HideSolutionNode = FALSE
	EndGlobalSection
	GlobalSection(ExtensibilityGlobals) = postSolution
		SolutionGuid = {2A62750A-C4AD-4476-A499-F9F4B6E36573}
	EndGlobalSection
EndGlobal
